
Microsoft Visual Studio Solution File, Format Version 12.00
Project("{FAE04EC0-301F-11D3-BF4B-00C04F79EFBC}") = "oracleuuid", "oracleuuid\oracleuuid.csproj", "{2C4C7FB5-56D9-4DBD-B032-C923EC642230}"
EndProject
Global
	GlobalSection(SolutionConfigurationPlatforms) = preSolution
		Debug|Any CPU = Debug|Any CPU
		Release|Any CPU = Release|Any CPU
	EndGlobalSection
	GlobalSection(ProjectConfigurationPlatforms) = postSolution
		{2C4C7FB5-56D9-4DBD-B032-C923EC642230}.Debug|Any CPU.ActiveCfg = Debug|Any CPU
		{2C4C7FB5-56D9-4DBD-B032-C923EC642230}.Debug|Any CPU.Build.0 = Debug|Any CPU
		{2C4C7FB5-56D9-4DBD-B032-C923EC642230}.Release|Any CPU.ActiveCfg = Release|Any CPU
		{2C4C7FB5-56D9-4DBD-B032-C923EC642230}.Release|Any CPU.Build.0 = Release|Any CPU
	EndGlobalSection
EndGlobal
